
Microsoft Visual Studio Solution File, Format Version 12.00
# Visual Studio Version 17
VisualStudioVersion = 17.14.36623.8
MinimumVisualStudioVersion = 10.0.40219.1
Project("{FAE04EC0-301F-11D3-BF4B-00C04F79EFBC}") = "NotificationsAPI.Application", "NotificationsAPI.Application\NotificationsAPI.Application.csproj", "{60C93513-633A-4A9B-28A3-3ED852D1DCFD}"
EndProject
Project("{FAE04EC0-301F-11D3-BF4B-00C04F79EFBC}") = "NotificationsAPI.Domain", "NotificationsAPI.Domain\NotificationsAPI.Domain.csproj", "{9F2AC4EE-0824-F087-408C-9718F15293F1}"
EndProject
Project("{FAE04EC0-301F-11D3-BF4B-00C04F79EFBC}") = "NotificationsAPI.Infrastructure", "NotificationsAPI.Infrastructure\NotificationsAPI.Infrastructure.csproj", "{0866A5A4-819F-1E64-ACB2-D51D47CC7EE9}"
EndProject
Project("{FAE04EC0-301F-11D3-BF4B-00C04F79EFBC}") = "NotificationsAPI.Worker", "NotificationsAPI\NotificationsAPI.Worker.csproj", "{F020C87A-B002-1B3E-2CD7-1D83B720B586}"
EndProject
Project("{FAE04EC0-301F-11D3-BF4B-00C04F79EFBC}") = "Shared", "Shared\Shared.csproj", "{0ED8FF9B-8DA7-4CD0-FCBC-E7E6EDCD554A}"
EndProject
Global
	GlobalSection(SolutionConfigurationPlatforms) = preSolution
		Debug|Any CPU = Debug|Any CPU
		Release|Any CPU = Release|Any CPU
	EndGlobalSection
	GlobalSection(ProjectConfigurationPlatforms) = postSolution
		{60C93513-633A-4A9B-28A3-3ED852D1DCFD}.Debug|Any CPU.ActiveCfg = Debug|Any CPU
		{60C93513-633A-4A9B-28A3-3ED852D1DCFD}.Debug|Any CPU.Build.0 = Debug|Any CPU
		{60C93513-633A-4A9B-28A3-3ED852D1DCFD}.Release|Any CPU.ActiveCfg = Release|Any CPU
		{60C93513-633A-4A9B-28A3-3ED852D1DCFD}.Release|Any CPU.Build.0 = Release|Any CPU
		{9F2AC4EE-0824-F087-408C-9718F15293F1}.Debug|Any CPU.ActiveCfg = Debug|Any CPU
		{9F2AC4EE-0824-F087-408C-9718F15293F1}.Debug|Any CPU.Build.0 = Debug|Any CPU
		{9F2AC4EE-0824-F087-408C-9718F15293F1}.Release|Any CPU.ActiveCfg = Release|Any CPU
		{9F2AC4EE-0824-F087-408C-9718F15293F1}.Release|Any CPU.Build.0 = Release|Any CPU
		{0866A5A4-819F-1E64-ACB2-D51D47CC7EE9}.Debug|Any CPU.ActiveCfg = Debug|Any CPU
		{0866A5A4-819F-1E64-ACB2-D51D47CC7EE9}.Debug|Any CPU.Build.0 = Debug|Any CPU
		{0866A5A4-819F-1E64-ACB2-D51D47CC7EE9}.Release|Any CPU.ActiveCfg = Release|Any CPU
		{0866A5A4-819F-1E64-ACB2-D51D47CC7EE9}.Release|Any CPU.Build.0 = Release|Any CPU
		{F020C87A-B002-1B3E-2CD7-1D83B720B586}.Debug|Any CPU.ActiveCfg = Debug|Any CPU
		{F020C87A-B002-1B3E-2CD7-1D83B720B586}.Debug|Any CPU.Build.0 = Debug|Any CPU
		{F020C87A-B002-1B3E-2CD7-1D83B720B586}.Release|Any CPU.ActiveCfg = Release|Any CPU
		{F020C87A-B002-1B3E-2CD7-1D83B720B586}.Release|Any CPU.Build.0 = Release|Any CPU
		{0ED8FF9B-8DA7-4CD0-FCBC-E7E6EDCD554A}.Debug|Any CPU.ActiveCfg = Debug|Any CPU
		{0ED8FF9B-8DA7-4CD0-FCBC-E7E6EDCD554A}.Debug|Any CPU.Build.0 = Debug|Any CPU
		{0ED8FF9B-8DA7-4CD0-FCBC-E7E6EDCD554A}.Release|Any CPU.ActiveCfg = Release|Any CPU
		{0ED8FF9B-8DA7-4CD0-FCBC-E7E6EDCD554A}.Release|Any CPU.Build.0 = Release|Any CPU
	EndGlobalSection
	GlobalSection(SolutionProperties) = preSolution
		HideSolutionNode = FALSE
	EndGlobalSection
	GlobalSection(ExtensibilityGlobals) = postSolution
		SolutionGuid = {88B07EF3-AFBF-4EA5-BA25-BDA00CE58972}
	EndGlobalSection
EndGlobal
